{
  "originHash" : "2d89525621ac752e3b6ea67eed241a9f260d4c86bb6b374242a4b4f38fae2ce6",
  "pins" : [
    {
      "identity" : "coordinator",
      "kind" : "remoteSourceControl",
      "location" : "https://github.com/SwiftUIX/Coordinator",
      "state" : {
        "branch" : "master",
        "revision" : "48c44935940645921615b68e58d2cb1ddf9f84a7"
      }
    },
    {
      "identity" : "merge",
      "kind" : "remoteSourceControl",
      "location" : "https://github.com/vmanot/Merge.git",
      "state" : {
        "branch" : "master",
        "revision" : "cde37070ca039c3334d2fc37667490919755833a"
      }
    },
    {
      "identity" : "swallow",
      "kind" : "remoteSourceControl",
      "location" : "https://github.com/vmanot/Swallow.git",
      "state" : {
        "branch" : "master",
        "revision" : "6243d2dc72aa246c1d18a3590eda783869cf76a6"
      }
    },
    {
      "identity" : "swift-atomics",
      "kind" : "remoteSourceControl",
      "location" : "https://github.com/apple/swift-atomics.git",
      "state" : {
        "revision" : "cd142fd2f64be2100422d658e7411e39489da985",
        "version" : "1.2.0"
      }
    },
    {
      "identity" : "swift-collections",
      "kind" : "remoteSourceControl",
      "location" : "https://github.com/apple/swift-collections",
      "state" : {
        "revision" : "671108c96644956dddcd89dd59c203dcdb36cec7",
        "version" : "1.1.4"
      }
    },
    {
      "identity" : "swift-syntax",
      "kind" : "remoteSourceControl",
      "location" : "https://github.com/swiftlang/swift-syntax.git",
      "state" : {
        "revision" : "0687f71944021d616d34d922343dcef086855920",
        "version" : "600.0.1"
      }
    },
    {
      "identity" : "swiftuix",
      "kind" : "remoteSourceControl",
      "location" : "https://github.com/SwiftUIX/SwiftUIX.git",
      "state" : {
        "branch" : "master",
        "revision" : "b7adcf4254b2293ed3cd107321154b02382c46ca"
      }
    }
  ],
  "version" : 3
}
