// !$*UTF8*$!
{
	archiveVersion = 1;
	classes = {
	};
	objectVersion = 77;
	objects = {

/* Begin PBXBuildFile section */
		FBC95B692D6E6BF900C24C24 /* Preview Assets.xcassets in Resources */ = {isa = PBXBuildFile; fileRef = FBC95B552D6E6BF900C24C24 /* Preview Assets.xcassets */; };
		FBC95B6A2D6E6BF900C24C24 /* Assets.xcassets in Resources */ = {isa = PBXBuildFile; fileRef = FBC95B572D6E6BF900C24C24 /* Assets.xcassets */; };
		FBC95B6B2D6E6BF900C24C24 /* CompoundApp.swift in Sources */ = {isa = PBXBuildFile; fileRef = FBC95B3D2D6E6BF900C24C24 /* CompoundApp.swift */; };
		FBC95B6C2D6E6BF900C24C24 /* Models.swift in Sources */ = {isa = PBXBuildFile; fileRef = FBC95B3F2D6E6BF900C24C24 /* Models.swift */; };
		FBC95B6D2D6E6BF900C24C24 /* Animation++.swift in Sources */ = {isa = PBXBuildFile; fileRef = FBC95B412D6E6BF900C24C24 /* Animation++.swift */; };
		FBC95B6E2D6E6BF900C24C24 /* Color++.swift in Sources */ = {isa = PBXBuildFile; fileRef = FBC95B422D6E6BF900C24C24 /* Color++.swift */; };
		FBC95B6F2D6E6BF900C24C24 /* Double++.swift in Sources */ = {isa = PBXBuildFile; fileRef = FBC95B432D6E6BF900C24C24 /* Double++.swift */; };
		FBC95B702D6E6BF900C24C24 /* Encodable++.swift in Sources */ = {isa = PBXBuildFile; fileRef = FBC95B442D6E6BF900C24C24 /* Encodable++.swift */; };
		FBC95B712D6E6BF900C24C24 /* Font++.swift in Sources */ = {isa = PBXBuildFile; fileRef = FBC95B452D6E6BF900C24C24 /* Font++.swift */; };
		FBC95B722D6E6BF900C24C24 /* Int++.swift in Sources */ = {isa = PBXBuildFile; fileRef = FBC95B462D6E6BF900C24C24 /* Int++.swift */; };
		FBC95B732D6E6BF900C24C24 /* Optional++.swift in Sources */ = {isa = PBXBuildFile; fileRef = FBC95B472D6E6BF900C24C24 /* Optional++.swift */; };
		FBC95B742D6E6BF900C24C24 /* String++.swift in Sources */ = {isa = PBXBuildFile; fileRef = FBC95B482D6E6BF900C24C24 /* String++.swift */; };
		FBC95B752D6E6BF900C24C24 /* View++.swift in Sources */ = {isa = PBXBuildFile; fileRef = FBC95B492D6E6BF900C24C24 /* View++.swift */; };
		FBC95B762D6E6BF900C24C24 /* Constants.swift in Sources */ = {isa = PBXBuildFile; fileRef = FBC95B4B2D6E6BF900C24C24 /* Constants.swift */; };
		FBC95B772D6E6BF900C24C24 /* FeedbackGenerator.swift in Sources */ = {isa = PBXBuildFile; fileRef = FBC95B4C2D6E6BF900C24C24 /* FeedbackGenerator.swift */; };
		FBC95B782D6E6BF900C24C24 /* NetworkEnvironment.swift in Sources */ = {isa = PBXBuildFile; fileRef = FBC95B4E2D6E6BF900C24C24 /* NetworkEnvironment.swift */; };
		FBC95B792D6E6BF900C24C24 /* NetworkError.swift in Sources */ = {isa = PBXBuildFile; fileRef = FBC95B4F2D6E6BF900C24C24 /* NetworkError.swift */; };
		FBC95B7A2D6E6BF900C24C24 /* NetworkRepository.swift in Sources */ = {isa = PBXBuildFile; fileRef = FBC95B502D6E6BF900C24C24 /* NetworkRepository.swift */; };
		FBC95B7B2D6E6BF900C24C24 /* NetworkRequest.swift in Sources */ = {isa = PBXBuildFile; fileRef = FBC95B512D6E6BF900C24C24 /* NetworkRequest.swift */; };
		FBC95B7C2D6E6BF900C24C24 /* NetworkResponse.swift in Sources */ = {isa = PBXBuildFile; fileRef = FBC95B522D6E6BF900C24C24 /* NetworkResponse.swift */; };
		FBC95B7D2D6E6BF900C24C24 /* NetworkSession.swift in Sources */ = {isa = PBXBuildFile; fileRef = FBC95B532D6E6BF900C24C24 /* NetworkSession.swift */; };
		FBC95B7E2D6E6BF900C24C24 /* AccountDetailsModel.swift in Sources */ = {isa = PBXBuildFile; fileRef = FBC95B592D6E6BF900C24C24 /* AccountDetailsModel.swift */; };
		FBC95B7F2D6E6BF900C24C24 /* AccountDetailsView.swift in Sources */ = {isa = PBXBuildFile; fileRef = FBC95B5A2D6E6BF900C24C24 /* AccountDetailsView.swift */; };
		FBC95B802D6E6BF900C24C24 /* AccountDetailsViewModel.swift in Sources */ = {isa = PBXBuildFile; fileRef = FBC95B5B2D6E6BF900C24C24 /* AccountDetailsViewModel.swift */; };
		FBC95B812D6E6BF900C24C24 /* AdvisorDetailsModel.swift in Sources */ = {isa = PBXBuildFile; fileRef = FBC95B5D2D6E6BF900C24C24 /* AdvisorDetailsModel.swift */; };
		FBC95B822D6E6BF900C24C24 /* AdvisorDetailsView.swift in Sources */ = {isa = PBXBuildFile; fileRef = FBC95B5E2D6E6BF900C24C24 /* AdvisorDetailsView.swift */; };
		FBC95B832D6E6BF900C24C24 /* AdvisorDetailsViewModel.swift in Sources */ = {isa = PBXBuildFile; fileRef = FBC95B5F2D6E6BF900C24C24 /* AdvisorDetailsViewModel.swift */; };
		FBC95B842D6E6BF900C24C24 /* CompoundViews.swift in Sources */ = {isa = PBXBuildFile; fileRef = FBC95B612D6E6BF900C24C24 /* CompoundViews.swift */; };
		FBC95B852D6E6BF900C24C24 /* DashboardModel.swift in Sources */ = {isa = PBXBuildFile; fileRef = FBC95B632D6E6BF900C24C24 /* DashboardModel.swift */; };
		FBC95B862D6E6BF900C24C24 /* DashboardView.swift in Sources */ = {isa = PBXBuildFile; fileRef = FBC95B642D6E6BF900C24C24 /* DashboardView.swift */; };
		FBC95B872D6E6BF900C24C24 /* DashboardViewModel.swift in Sources */ = {isa = PBXBuildFile; fileRef = FBC95B652D6E6BF900C24C24 /* DashboardViewModel.swift */; };
/* End PBXBuildFile section */

/* Begin PBXContainerItemProxy section */
		FB76E72A2D6BFA0E00EF34A4 /* PBXContainerItemProxy */ = {
			isa = PBXContainerItemProxy;
			containerPortal = FB76E7112D6BFA0B00EF34A4 /* Project object */;
			proxyType = 1;
			remoteGlobalIDString = FB76E7182D6BFA0B00EF34A4;
			remoteInfo = Compound;
		};
		FB76E7342D6BFA0E00EF34A4 /* PBXContainerItemProxy */ = {
			isa = PBXContainerItemProxy;
			containerPortal = FB76E7112D6BFA0B00EF34A4 /* Project object */;
			proxyType = 1;
			remoteGlobalIDString = FB76E7182D6BFA0B00EF34A4;
			remoteInfo = Compound;
		};
/* End PBXContainerItemProxy section */

/* Begin PBXFileReference section */
		FB76E7192D6BFA0B00EF34A4 /* Compound.app */ = {isa = PBXFileReference; explicitFileType = wrapper.application; includeInIndex = 0; path = Compound.app; sourceTree = BUILT_PRODUCTS_DIR; };
		FB76E7292D6BFA0E00EF34A4 /* CompoundTests.xctest */ = {isa = PBXFileReference; explicitFileType = wrapper.cfbundle; includeInIndex = 0; path = CompoundTests.xctest; sourceTree = BUILT_PRODUCTS_DIR; };
		FB76E7332D6BFA0E00EF34A4 /* CompoundUITests.xctest */ = {isa = PBXFileReference; explicitFileType = wrapper.cfbundle; includeInIndex = 0; path = CompoundUITests.xctest; sourceTree = BUILT_PRODUCTS_DIR; };
		FBC95B3D2D6E6BF900C24C24 /* CompoundApp.swift */ = {isa = PBXFileReference; lastKnownFileType = sourcecode.swift; path = CompoundApp.swift; sourceTree = "<group>"; };
		FBC95B3F2D6E6BF900C24C24 /* Models.swift */ = {isa = PBXFileReference; lastKnownFileType = sourcecode.swift; path = Models.swift; sourceTree = "<group>"; };
		FBC95B412D6E6BF900C24C24 /* Animation++.swift */ = {isa = PBXFileReference; lastKnownFileType = sourcecode.swift; path = "Animation++.swift"; sourceTree = "<group>"; };
		FBC95B422D6E6BF900C24C24 /* Color++.swift */ = {isa = PBXFileReference; lastKnownFileType = sourcecode.swift; path = "Color++.swift"; sourceTree = "<group>"; };
		FBC95B432D6E6BF900C24C24 /* Double++.swift */ = {isa = PBXFileReference; lastKnownFileType = sourcecode.swift; path = "Double++.swift"; sourceTree = "<group>"; };
		FBC95B442D6E6BF900C24C24 /* Encodable++.swift */ = {isa = PBXFileReference; lastKnownFileType = sourcecode.swift; path = "Encodable++.swift"; sourceTree = "<group>"; };
		FBC95B452D6E6BF900C24C24 /* Font++.swift */ = {isa = PBXFileReference; lastKnownFileType = sourcecode.swift; path = "Font++.swift"; sourceTree = "<group>"; };
		FBC95B462D6E6BF900C24C24 /* Int++.swift */ = {isa = PBXFileReference; lastKnownFileType = sourcecode.swift; path = "Int++.swift"; sourceTree = "<group>"; };
		FBC95B472D6E6BF900C24C24 /* Optional++.swift */ = {isa = PBXFileReference; lastKnownFileType = sourcecode.swift; path = "Optional++.swift"; sourceTree = "<group>"; };
		FBC95B482D6E6BF900C24C24 /* String++.swift */ = {isa = PBXFileReference; lastKnownFileType = sourcecode.swift; path = "String++.swift"; sourceTree = "<group>"; };
		FBC95B492D6E6BF900C24C24 /* View++.swift */ = {isa = PBXFileReference; lastKnownFileType = sourcecode.swift; path = "View++.swift"; sourceTree = "<group>"; };
		FBC95B4B2D6E6BF900C24C24 /* Constants.swift */ = {isa = PBXFileReference; lastKnownFileType = sourcecode.swift; path = Constants.swift; sourceTree = "<group>"; };
		FBC95B4C2D6E6BF900C24C24 /* FeedbackGenerator.swift */ = {isa = PBXFileReference; lastKnownFileType = sourcecode.swift; path = FeedbackGenerator.swift; sourceTree = "<group>"; };
		FBC95B4E2D6E6BF900C24C24 /* NetworkEnvironment.swift */ = {isa = PBXFileReference; lastKnownFileType = sourcecode.swift; path = NetworkEnvironment.swift; sourceTree = "<group>"; };
		FBC95B4F2D6E6BF900C24C24 /* NetworkError.swift */ = {isa = PBXFileReference; lastKnownFileType = sourcecode.swift; path = NetworkError.swift; sourceTree = "<group>"; };
		FBC95B502D6E6BF900C24C24 /* NetworkRepository.swift */ = {isa = PBXFileReference; lastKnownFileType = sourcecode.swift; path = NetworkRepository.swift; sourceTree = "<group>"; };
		FBC95B512D6E6BF900C24C24 /* NetworkRequest.swift */ = {isa = PBXFileReference; lastKnownFileType = sourcecode.swift; path = NetworkRequest.swift; sourceTree = "<group>"; };
		FBC95B522D6E6BF900C24C24 /* NetworkResponse.swift */ = {isa = PBXFileReference; lastKnownFileType = sourcecode.swift; path = NetworkResponse.swift; sourceTree = "<group>"; };
		FBC95B532D6E6BF900C24C24 /* NetworkSession.swift */ = {isa = PBXFileReference; lastKnownFileType = sourcecode.swift; path = NetworkSession.swift; sourceTree = "<group>"; };
		FBC95B552D6E6BF900C24C24 /* Preview Assets.xcassets */ = {isa = PBXFileReference; lastKnownFileType = folder.assetcatalog; path = "Preview Assets.xcassets"; sourceTree = "<group>"; };
		FBC95B572D6E6BF900C24C24 /* Assets.xcassets */ = {isa = PBXFileReference; lastKnownFileType = folder.assetcatalog; path = Assets.xcassets; sourceTree = "<group>"; };
		FBC95B592D6E6BF900C24C24 /* AccountDetailsModel.swift */ = {isa = PBXFileReference; lastKnownFileType = sourcecode.swift; path = AccountDetailsModel.swift; sourceTree = "<group>"; };
		FBC95B5A2D6E6BF900C24C24 /* AccountDetailsView.swift */ = {isa = PBXFileReference; lastKnownFileType = sourcecode.swift; path = AccountDetailsView.swift; sourceTree = "<group>"; };
		FBC95B5B2D6E6BF900C24C24 /* AccountDetailsViewModel.swift */ = {isa = PBXFileReference; lastKnownFileType = sourcecode.swift; path = AccountDetailsViewModel.swift; sourceTree = "<group>"; };
		FBC95B5D2D6E6BF900C24C24 /* AdvisorDetailsModel.swift */ = {isa = PBXFileReference; lastKnownFileType = sourcecode.swift; path = AdvisorDetailsModel.swift; sourceTree = "<group>"; };
		FBC95B5E2D6E6BF900C24C24 /* AdvisorDetailsView.swift */ = {isa = PBXFileReference; lastKnownFileType = sourcecode.swift; path = AdvisorDetailsView.swift; sourceTree = "<group>"; };
		FBC95B5F2D6E6BF900C24C24 /* AdvisorDetailsViewModel.swift */ = {isa = PBXFileReference; lastKnownFileType = sourcecode.swift; path = AdvisorDetailsViewModel.swift; sourceTree = "<group>"; };
		FBC95B612D6E6BF900C24C24 /* CompoundViews.swift */ = {isa = PBXFileReference; lastKnownFileType = sourcecode.swift; path = CompoundViews.swift; sourceTree = "<group>"; };
		FBC95B632D6E6BF900C24C24 /* DashboardModel.swift */ = {isa = PBXFileReference; lastKnownFileType = sourcecode.swift; path = DashboardModel.swift; sourceTree = "<group>"; };
		FBC95B642D6E6BF900C24C24 /* DashboardView.swift */ = {isa = PBXFileReference; lastKnownFileType = sourcecode.swift; path = DashboardView.swift; sourceTree = "<group>"; };
		FBC95B652D6E6BF900C24C24 /* DashboardViewModel.swift */ = {isa = PBXFileReference; lastKnownFileType = sourcecode.swift; path = DashboardViewModel.swift; sourceTree = "<group>"; };
/* End PBXFileReference section */

/* Begin PBXFileSystemSynchronizedRootGroup section */
		FB76E72C2D6BFA0E00EF34A4 /* CompoundTests */ = {
			isa = PBXFileSystemSynchronizedRootGroup;
			path = CompoundTests;
			sourceTree = "<group>";
		};
		FB76E7362D6BFA0E00EF34A4 /* CompoundUITests */ = {
			isa = PBXFileSystemSynchronizedRootGroup;
			path = CompoundUITests;
			sourceTree = "<group>";
		};
/* End PBXFileSystemSynchronizedRootGroup section */

/* Begin PBXFrameworksBuildPhase section */
		FB76E7162D6BFA0B00EF34A4 /* Frameworks */ = {
			isa = PBXFrameworksBuildPhase;
			buildActionMask = 2147483647;
			files = (
			);
			runOnlyForDeploymentPostprocessing = 0;
		};
		FB76E7262D6BFA0E00EF34A4 /* Frameworks */ = {
			isa = PBXFrameworksBuildPhase;
			buildActionMask = 2147483647;
			files = (
			);
			runOnlyForDeploymentPostprocessing = 0;
		};
		FB76E7302D6BFA0E00EF34A4 /* Frameworks */ = {
			isa = PBXFrameworksBuildPhase;
			buildActionMask = 2147483647;
			files = (
			);
			runOnlyForDeploymentPostprocessing = 0;
		};
/* End PBXFrameworksBuildPhase section */

/* Begin PBXGroup section */
		FB76E7102D6BFA0B00EF34A4 = {
			isa = PBXGroup;
			children = (
				FBC95B682D6E6BF900C24C24 /* Compound */,
				FB76E72C2D6BFA0E00EF34A4 /* CompoundTests */,
				FB76E7362D6BFA0E00EF34A4 /* CompoundUITests */,
				FB76E71A2D6BFA0B00EF34A4 /* Products */,
			);
			sourceTree = "<group>";
		};
		FB76E71A2D6BFA0B00EF34A4 /* Products */ = {
			isa = PBXGroup;
			children = (
				FB76E7192D6BFA0B00EF34A4 /* Compound.app */,
				FB76E7292D6BFA0E00EF34A4 /* CompoundTests.xctest */,
				FB76E7332D6BFA0E00EF34A4 /* CompoundUITests.xctest */,
			);
			name = Products;
			sourceTree = "<group>";
		};
		FBC95B3E2D6E6BF900C24C24 /* App */ = {
			isa = PBXGroup;
			children = (
				FBC95B3D2D6E6BF900C24C24 /* CompoundApp.swift */,
			);
			path = App;
			sourceTree = "<group>";
		};
		FBC95B402D6E6BF900C24C24 /* Data */ = {
			isa = PBXGroup;
			children = (
				FBC95B3F2D6E6BF900C24C24 /* Models.swift */,
			);
			path = Data;
			sourceTree = "<group>";
		};
		FBC95B4A2D6E6BF900C24C24 /* Extensions */ = {
			isa = PBXGroup;
			children = (
				FBC95B442D6E6BF900C24C24 /* Encodable++.swift */,
				FBC95B472D6E6BF900C24C24 /* Optional++.swift */,
				FBC95B462D6E6BF900C24C24 /* Int++.swift */,
				FBC95B482D6E6BF900C24C24 /* String++.swift */,
				FBC95B432D6E6BF900C24C24 /* Double++.swift */,
				FBC95B412D6E6BF900C24C24 /* Animation++.swift */,
				FBC95B422D6E6BF900C24C24 /* Color++.swift */,
				FBC95B452D6E6BF900C24C24 /* Font++.swift */,
				FBC95B492D6E6BF900C24C24 /* View++.swift */,
			);
			path = Extensions;
			sourceTree = "<group>";
		};
		FBC95B4D2D6E6BF900C24C24 /* Helpers */ = {
			isa = PBXGroup;
			children = (
				FBC95B4B2D6E6BF900C24C24 /* Constants.swift */,
				FBC95B4C2D6E6BF900C24C24 /* FeedbackGenerator.swift */,
			);
			path = Helpers;
			sourceTree = "<group>";
		};
		FBC95B542D6E6BF900C24C24 /* Network */ = {
			isa = PBXGroup;
			children = (
				FBC95B4E2D6E6BF900C24C24 /* NetworkEnvironment.swift */,
				FBC95B512D6E6BF900C24C24 /* NetworkRequest.swift */,
				FBC95B4F2D6E6BF900C24C24 /* NetworkError.swift */,
				FBC95B522D6E6BF900C24C24 /* NetworkResponse.swift */,
				FBC95B532D6E6BF900C24C24 /* NetworkSession.swift */,
				FBC95B502D6E6BF900C24C24 /* NetworkRepository.swift */,
			);
			path = Network;
			sourceTree = "<group>";
		};
		FBC95B562D6E6BF900C24C24 /* Preview Content */ = {
			isa = PBXGroup;
			children = (
				FBC95B552D6E6BF900C24C24 /* Preview Assets.xcassets */,
			);
			path = "Preview Content";
			sourceTree = "<group>";
		};
		FBC95B582D6E6BF900C24C24 /* Resources */ = {
			isa = PBXGroup;
			children = (
				FBC95B572D6E6BF900C24C24 /* Assets.xcassets */,
			);
			path = Resources;
			sourceTree = "<group>";
		};
		FBC95B5C2D6E6BF900C24C24 /* Account Details */ = {
			isa = PBXGroup;
			children = (
				FBC95B5A2D6E6BF900C24C24 /* AccountDetailsView.swift */,
				FBC95B5B2D6E6BF900C24C24 /* AccountDetailsViewModel.swift */,
				FBC95B592D6E6BF900C24C24 /* AccountDetailsModel.swift */,
			);
			path = "Account Details";
			sourceTree = "<group>";
		};
		FBC95B602D6E6BF900C24C24 /* Advisor Details */ = {
			isa = PBXGroup;
			children = (
				FBC95B5E2D6E6BF900C24C24 /* AdvisorDetailsView.swift */,
				FBC95B5F2D6E6BF900C24C24 /* AdvisorDetailsViewModel.swift */,
				FBC95B5D2D6E6BF900C24C24 /* AdvisorDetailsModel.swift */,
			);
			path = "Advisor Details";
			sourceTree = "<group>";
		};
		FBC95B622D6E6BF900C24C24 /* Compound */ = {
			isa = PBXGroup;
			children = (
				FBC95B612D6E6BF900C24C24 /* CompoundViews.swift */,
			);
			path = Compound;
			sourceTree = "<group>";
		};
		FBC95B662D6E6BF900C24C24 /* Dashboard */ = {
			isa = PBXGroup;
			children = (
				FBC95B642D6E6BF900C24C24 /* DashboardView.swift */,
				FBC95B652D6E6BF900C24C24 /* DashboardViewModel.swift */,
				FBC95B632D6E6BF900C24C24 /* DashboardModel.swift */,
			);
			path = Dashboard;
			sourceTree = "<group>";
		};
		FBC95B672D6E6BF900C24C24 /* Views */ = {
			isa = PBXGroup;
			children = (
				FBC95B622D6E6BF900C24C24 /* Compound */,
				FBC95B662D6E6BF900C24C24 /* Dashboard */,
				FBC95B602D6E6BF900C24C24 /* Advisor Details */,
				FBC95B5C2D6E6BF900C24C24 /* Account Details */,
			);
			path = Views;
			sourceTree = "<group>";
		};
		FBC95B682D6E6BF900C24C24 /* Compound */ = {
			isa = PBXGroup;
			children = (
				FBC95B3E2D6E6BF900C24C24 /* App */,
				FBC95B4A2D6E6BF900C24C24 /* Extensions */,
				FBC95B4D2D6E6BF900C24C24 /* Helpers */,
				FBC95B402D6E6BF900C24C24 /* Data */,
				FBC95B542D6E6BF900C24C24 /* Network */,
				FBC95B672D6E6BF900C24C24 /* Views */,
				FBC95B582D6E6BF900C24C24 /* Resources */,
				FBC95B562D6E6BF900C24C24 /* Preview Content */,
			);
			path = Compound;
			sourceTree = "<group>";
		};
/* End PBXGroup section */

/* Begin PBXNativeTarget section */
		FB76E7182D6BFA0B00EF34A4 /* Compound */ = {
			isa = PBXNativeTarget;
			buildConfigurationList = FB76E73D2D6BFA0E00EF34A4 /* Build configuration list for PBXNativeTarget "Compound" */;
			buildPhases = (
				FB76E7152D6BFA0B00EF34A4 /* Sources */,
				FB76E7162D6BFA0B00EF34A4 /* Frameworks */,
				FB76E7172D6BFA0B00EF34A4 /* Resources */,
			);
			buildRules = (
			);
			dependencies = (
			);
			name = Compound;
			packageProductDependencies = (
			);
			productName = Compound;
			productReference = FB76E7192D6BFA0B00EF34A4 /* Compound.app */;
			productType = "com.apple.product-type.application";
		};
		FB76E7282D6BFA0E00EF34A4 /* CompoundTests */ = {
			isa = PBXNativeTarget;
			buildConfigurationList = FB76E7402D6BFA0E00EF34A4 /* Build configuration list for PBXNativeTarget "CompoundTests" */;
			buildPhases = (
				FB76E7252D6BFA0E00EF34A4 /* Sources */,
				FB76E7262D6BFA0E00EF34A4 /* Frameworks */,
				FB76E7272D6BFA0E00EF34A4 /* Resources */,
			);
			buildRules = (
			);
			dependencies = (
				FB76E72B2D6BFA0E00EF34A4 /* PBXTargetDependency */,
			);
			fileSystemSynchronizedGroups = (
				FB76E72C2D6BFA0E00EF34A4 /* CompoundTests */,
			);
			name = CompoundTests;
			packageProductDependencies = (
			);
			productName = CompoundTests;
			productReference = FB76E7292D6BFA0E00EF34A4 /* CompoundTests.xctest */;
			productType = "com.apple.product-type.bundle.unit-test";
		};
		FB76E7322D6BFA0E00EF34A4 /* CompoundUITests */ = {
			isa = PBXNativeTarget;
			buildConfigurationList = FB76E7432D6BFA0E00EF34A4 /* Build configuration list for PBXNativeTarget "CompoundUITests" */;
			buildPhases = (
				FB76E72F2D6BFA0E00EF34A4 /* Sources */,
				FB76E7302D6BFA0E00EF34A4 /* Frameworks */,
				FB76E7312D6BFA0E00EF34A4 /* Resources */,
			);
			buildRules = (
			);
			dependencies = (
				FB76E7352D6BFA0E00EF34A4 /* PBXTargetDependency */,
			);
			fileSystemSynchronizedGroups = (
				FB76E7362D6BFA0E00EF34A4 /* CompoundUITests */,
			);
			name = CompoundUITests;
			packageProductDependencies = (
			);
			productName = CompoundUITests;
			productReference = FB76E7332D6BFA0E00EF34A4 /* CompoundUITests.xctest */;
			productType = "com.apple.product-type.bundle.ui-testing";
		};
/* End PBXNativeTarget section */

/* Begin PBXProject section */
		FB76E7112D6BFA0B00EF34A4 /* Project object */ = {
			isa = PBXProject;
			attributes = {
				BuildIndependentTargetsInParallel = 1;
				LastSwiftUpdateCheck = 1620;
				LastUpgradeCheck = 1620;
				TargetAttributes = {
					FB76E7182D6BFA0B00EF34A4 = {
						CreatedOnToolsVersion = 16.2;
					};
					FB76E7282D6BFA0E00EF34A4 = {
						CreatedOnToolsVersion = 16.2;
						TestTargetID = FB76E7182D6BFA0B00EF34A4;
					};
					FB76E7322D6BFA0E00EF34A4 = {
						CreatedOnToolsVersion = 16.2;
						TestTargetID = FB76E7182D6BFA0B00EF34A4;
					};
				};
			};
			buildConfigurationList = FB76E7142D6BFA0B00EF34A4 /* Build configuration list for PBXProject "Compound" */;
			developmentRegion = en;
			hasScannedForEncodings = 0;
			knownRegions = (
				en,
				Base,
			);
			mainGroup = FB76E7102D6BFA0B00EF34A4;
			minimizedProjectReferenceProxies = 1;
			packageReferences = (
			);
			preferredProjectObjectVersion = 77;
			productRefGroup = FB76E71A2D6BFA0B00EF34A4 /* Products */;
			projectDirPath = "";
			projectRoot = "";
			targets = (
				FB76E7182D6BFA0B00EF34A4 /* Compound */,
				FB76E7282D6BFA0E00EF34A4 /* CompoundTests */,
				FB76E7322D6BFA0E00EF34A4 /* CompoundUITests */,
			);
		};
/* End PBXProject section */

/* Begin PBXResourcesBuildPhase section */
		FB76E7172D6BFA0B00EF34A4 /* Resources */ = {
			isa = PBXResourcesBuildPhase;
			buildActionMask = 2147483647;
			files = (
				FBC95B692D6E6BF900C24C24 /* Preview Assets.xcassets in Resources */,
				FBC95B6A2D6E6BF900C24C24 /* Assets.xcassets in Resources */,
			);
			runOnlyForDeploymentPostprocessing = 0;
		};
		FB76E7272D6BFA0E00EF34A4 /* Resources */ = {
			isa = PBXResourcesBuildPhase;
			buildActionMask = 2147483647;
			files = (
			);
			runOnlyForDeploymentPostprocessing = 0;
		};
		FB76E7312D6BFA0E00EF34A4 /* Resources */ = {
			isa = PBXResourcesBuildPhase;
			buildActionMask = 2147483647;
			files = (
			);
			runOnlyForDeploymentPostprocessing = 0;
		};
/* End PBXResourcesBuildPhase section */

/* Begin PBXSourcesBuildPhase section */
		FB76E7152D6BFA0B00EF34A4 /* Sources */ = {
			isa = PBXSourcesBuildPhase;
			buildActionMask = 2147483647;
			files = (
				FBC95B6B2D6E6BF900C24C24 /* CompoundApp.swift in Sources */,
				FBC95B6C2D6E6BF900C24C24 /* Models.swift in Sources */,
				FBC95B6D2D6E6BF900C24C24 /* Animation++.swift in Sources */,
				FBC95B6E2D6E6BF900C24C24 /* Color++.swift in Sources */,
				FBC95B6F2D6E6BF900C24C24 /* Double++.swift in Sources */,
				FBC95B702D6E6BF900C24C24 /* Encodable++.swift in Sources */,
				FBC95B712D6E6BF900C24C24 /* Font++.swift in Sources */,
				FBC95B722D6E6BF900C24C24 /* Int++.swift in Sources */,
				FBC95B732D6E6BF900C24C24 /* Optional++.swift in Sources */,
				FBC95B742D6E6BF900C24C24 /* String++.swift in Sources */,
				FBC95B752D6E6BF900C24C24 /* View++.swift in Sources */,
				FBC95B762D6E6BF900C24C24 /* Constants.swift in Sources */,
				FBC95B772D6E6BF900C24C24 /* FeedbackGenerator.swift in Sources */,
				FBC95B782D6E6BF900C24C24 /* NetworkEnvironment.swift in Sources */,
				FBC95B792D6E6BF900C24C24 /* NetworkError.swift in Sources */,
				FBC95B7A2D6E6BF900C24C24 /* NetworkRepository.swift in Sources */,
				FBC95B7B2D6E6BF900C24C24 /* NetworkRequest.swift in Sources */,
				FBC95B7C2D6E6BF900C24C24 /* NetworkResponse.swift in Sources */,
				FBC95B7D2D6E6BF900C24C24 /* NetworkSession.swift in Sources */,
				FBC95B7E2D6E6BF900C24C24 /* AccountDetailsModel.swift in Sources */,
				FBC95B7F2D6E6BF900C24C24 /* AccountDetailsView.swift in Sources */,
				FBC95B802D6E6BF900C24C24 /* AccountDetailsViewModel.swift in Sources */,
				FBC95B812D6E6BF900C24C24 /* AdvisorDetailsModel.swift in Sources */,
				FBC95B822D6E6BF900C24C24 /* AdvisorDetailsView.swift in Sources */,
				FBC95B832D6E6BF900C24C24 /* AdvisorDetailsViewModel.swift in Sources */,
				FBC95B842D6E6BF900C24C24 /* CompoundViews.swift in Sources */,
				FBC95B852D6E6BF900C24C24 /* DashboardModel.swift in Sources */,
				FBC95B862D6E6BF900C24C24 /* DashboardView.swift in Sources */,
				FBC95B872D6E6BF900C24C24 /* DashboardViewModel.swift in Sources */,
			);
			runOnlyForDeploymentPostprocessing = 0;
		};
		FB76E7252D6BFA0E00EF34A4 /* Sources */ = {
			isa = PBXSourcesBuildPhase;
			buildActionMask = 2147483647;
			files = (
			);
			runOnlyForDeploymentPostprocessing = 0;
		};
		FB76E72F2D6BFA0E00EF34A4 /* Sources */ = {
			isa = PBXSourcesBuildPhase;
			buildActionMask = 2147483647;
			files = (
			);
			runOnlyForDeploymentPostprocessing = 0;
		};
/* End PBXSourcesBuildPhase section */

/* Begin PBXTargetDependency section */
		FB76E72B2D6BFA0E00EF34A4 /* PBXTargetDependency */ = {
			isa = PBXTargetDependency;
			target = FB76E7182D6BFA0B00EF34A4 /* Compound */;
			targetProxy = FB76E72A2D6BFA0E00EF34A4 /* PBXContainerItemProxy */;
		};
		FB76E7352D6BFA0E00EF34A4 /* PBXTargetDependency */ = {
			isa = PBXTargetDependency;
			target = FB76E7182D6BFA0B00EF34A4 /* Compound */;
			targetProxy = FB76E7342D6BFA0E00EF34A4 /* PBXContainerItemProxy */;
		};
/* End PBXTargetDependency section */

/* Begin XCBuildConfiguration section */
		FB76E73B2D6BFA0E00EF34A4 /* Debug */ = {
			isa = XCBuildConfiguration;
			buildSettings = {
				ALWAYS_SEARCH_USER_PATHS = NO;
				ASSETCATALOG_COMPILER_GENERATE_SWIFT_ASSET_SYMBOL_EXTENSIONS = YES;
				CLANG_ANALYZER_NONNULL = YES;
				CLANG_ANALYZER_NUMBER_OBJECT_CONVERSION = YES_AGGRESSIVE;
				CLANG_CXX_LANGUAGE_STANDARD = "gnu++20";
				CLANG_ENABLE_MODULES = YES;
				CLANG_ENABLE_OBJC_ARC = YES;
				CLANG_ENABLE_OBJC_WEAK = YES;
				CLANG_WARN_BLOCK_CAPTURE_AUTORELEASING = YES;
				CLANG_WARN_BOOL_CONVERSION = YES;
				CLANG_WARN_COMMA = YES;
				CLANG_WARN_CONSTANT_CONVERSION = YES;
				CLANG_WARN_DEPRECATED_OBJC_IMPLEMENTATIONS = YES;
				CLANG_WARN_DIRECT_OBJC_ISA_USAGE = YES_ERROR;
				CLANG_WARN_DOCUMENTATION_COMMENTS = YES;
				CLANG_WARN_EMPTY_BODY = YES;
				CLANG_WARN_ENUM_CONVERSION = YES;
				CLANG_WARN_INFINITE_RECURSION = YES;
				CLANG_WARN_INT_CONVERSION = YES;
				CLANG_WARN_NON_LITERAL_NULL_CONVERSION = YES;
				CLANG_WARN_OBJC_IMPLICIT_RETAIN_SELF = YES;
				CLANG_WARN_OBJC_LITERAL_CONVERSION = YES;
				CLANG_WARN_OBJC_ROOT_CLASS = YES_ERROR;
				CLANG_WARN_QUOTED_INCLUDE_IN_FRAMEWORK_HEADER = YES;
				CLANG_WARN_RANGE_LOOP_ANALYSIS = YES;
				CLANG_WARN_STRICT_PROTOTYPES = YES;
				CLANG_WARN_SUSPICIOUS_MOVE = YES;
				CLANG_WARN_UNGUARDED_AVAILABILITY = YES_AGGRESSIVE;
				CLANG_WARN_UNREACHABLE_CODE = YES;
				CLANG_WARN__DUPLICATE_METHOD_MATCH = YES;
				COPY_PHASE_STRIP = NO;
				DEBUG_INFORMATION_FORMAT = dwarf;
				ENABLE_STRICT_OBJC_MSGSEND = YES;
				ENABLE_TESTABILITY = YES;
				ENABLE_USER_SCRIPT_SANDBOXING = YES;
				GCC_C_LANGUAGE_STANDARD = gnu17;
				GCC_DYNAMIC_NO_PIC = NO;
				GCC_NO_COMMON_BLOCKS = YES;
				GCC_OPTIMIZATION_LEVEL = 0;
				GCC_PREPROCESSOR_DEFINITIONS = (
					"DEBUG=1",
					"$(inherited)",
				);
				GCC_WARN_64_TO_32_BIT_CONVERSION = YES;
				GCC_WARN_ABOUT_RETURN_TYPE = YES_ERROR;
				GCC_WARN_UNDECLARED_SELECTOR = YES;
				GCC_WARN_UNINITIALIZED_AUTOS = YES_AGGRESSIVE;
				GCC_WARN_UNUSED_FUNCTION = YES;
				GCC_WARN_UNUSED_VARIABLE = YES;
				IPHONEOS_DEPLOYMENT_TARGET = 18.2;
				LOCALIZATION_PREFERS_STRING_CATALOGS = YES;
				MTL_ENABLE_DEBUG_INFO = INCLUDE_SOURCE;
				MTL_FAST_MATH = YES;
				ONLY_ACTIVE_ARCH = YES;
				SDKROOT = iphoneos;
				SWIFT_ACTIVE_COMPILATION_CONDITIONS = "DEBUG $(inherited)";
				SWIFT_OPTIMIZATION_LEVEL = "-Onone";
			};
			name = Debug;
		};
		FB76E73C2D6BFA0E00EF34A4 /* Release */ = {
			isa = XCBuildConfiguration;
			buildSettings = {
				ALWAYS_SEARCH_USER_PATHS = NO;
				ASSETCATALOG_COMPILER_GENERATE_SWIFT_ASSET_SYMBOL_EXTENSIONS = YES;
				CLANG_ANALYZER_NONNULL = YES;
				CLANG_ANALYZER_NUMBER_OBJECT_CONVERSION = YES_AGGRESSIVE;
				CLANG_CXX_LANGUAGE_STANDARD = "gnu++20";
				CLANG_ENABLE_MODULES = YES;
				CLANG_ENABLE_OBJC_ARC = YES;
				CLANG_ENABLE_OBJC_WEAK = YES;
				CLANG_WARN_BLOCK_CAPTURE_AUTORELEASING = YES;
				CLANG_WARN_BOOL_CONVERSION = YES;
				CLANG_WARN_COMMA = YES;
				CLANG_WARN_CONSTANT_CONVERSION = YES;
				CLANG_WARN_DEPRECATED_OBJC_IMPLEMENTATIONS = YES;
				CLANG_WARN_DIRECT_OBJC_ISA_USAGE = YES_ERROR;
				CLANG_WARN_DOCUMENTATION_COMMENTS = YES;
				CLANG_WARN_EMPTY_BODY = YES;
				CLANG_WARN_ENUM_CONVERSION = YES;
				CLANG_WARN_INFINITE_RECURSION = YES;
				CLANG_WARN_INT_CONVERSION = YES;
				CLANG_WARN_NON_LITERAL_NULL_CONVERSION = YES;
				CLANG_WARN_OBJC_IMPLICIT_RETAIN_SELF = YES;
				CLANG_WARN_OBJC_LITERAL_CONVERSION = YES;
				CLANG_WARN_OBJC_ROOT_CLASS = YES_ERROR;
				CLANG_WARN_QUOTED_INCLUDE_IN_FRAMEWORK_HEADER = YES;
				CLANG_WARN_RANGE_LOOP_ANALYSIS = YES;
				CLANG_WARN_STRICT_PROTOTYPES = YES;
				CLANG_WARN_SUSPICIOUS_MOVE = YES;
				CLANG_WARN_UNGUARDED_AVAILABILITY = YES_AGGRESSIVE;
				CLANG_WARN_UNREACHABLE_CODE = YES;
				CLANG_WARN__DUPLICATE_METHOD_MATCH = YES;
				COPY_PHASE_STRIP = NO;
				DEBUG_INFORMATION_FORMAT = "dwarf-with-dsym";
				ENABLE_NS_ASSERTIONS = NO;
				ENABLE_STRICT_OBJC_MSGSEND = YES;
				ENABLE_USER_SCRIPT_SANDBOXING = YES;
				GCC_C_LANGUAGE_STANDARD = gnu17;
				GCC_NO_COMMON_BLOCKS = YES;
				GCC_WARN_64_TO_32_BIT_CONVERSION = YES;
				GCC_WARN_ABOUT_RETURN_TYPE = YES_ERROR;
				GCC_WARN_UNDECLARED_SELECTOR = YES;
				GCC_WARN_UNINITIALIZED_AUTOS = YES_AGGRESSIVE;
				GCC_WARN_UNUSED_FUNCTION = YES;
				GCC_WARN_UNUSED_VARIABLE = YES;
				IPHONEOS_DEPLOYMENT_TARGET = 18.2;
				LOCALIZATION_PREFERS_STRING_CATALOGS = YES;
				MTL_ENABLE_DEBUG_INFO = NO;
				MTL_FAST_MATH = YES;
				SDKROOT = iphoneos;
				SWIFT_COMPILATION_MODE = wholemodule;
				VALIDATE_PRODUCT = YES;
			};
			name = Release;
		};
		FB76E73E2D6BFA0E00EF34A4 /* Debug */ = {
			isa = XCBuildConfiguration;
			buildSettings = {
				ASSETCATALOG_COMPILER_APPICON_NAME = AppIcon;
				ASSETCATALOG_COMPILER_GLOBAL_ACCENT_COLOR_NAME = AccentColor;
				CODE_SIGN_STYLE = Automatic;
				CURRENT_PROJECT_VERSION = 1;
				DEVELOPMENT_ASSET_PATHS = "\"Compound/Preview Content\"";
				DEVELOPMENT_TEAM = J8DKJN96VF;
				ENABLE_PREVIEWS = YES;
				GENERATE_INFOPLIST_FILE = YES;
				INFOPLIST_KEY_UIApplicationSceneManifest_Generation = YES;
				INFOPLIST_KEY_UIApplicationSupportsIndirectInputEvents = YES;
				INFOPLIST_KEY_UILaunchScreen_Generation = YES;
				INFOPLIST_KEY_UISupportedInterfaceOrientations_iPad = "UIInterfaceOrientationPortrait UIInterfaceOrientationPortraitUpsideDown UIInterfaceOrientationLandscapeLeft UIInterfaceOrientationLandscapeRight";
				INFOPLIST_KEY_UISupportedInterfaceOrientations_iPhone = "UIInterfaceOrientationPortrait UIInterfaceOrientationLandscapeLeft UIInterfaceOrientationLandscapeRight";
				LD_RUNPATH_SEARCH_PATHS = (
					"$(inherited)",
					"@executable_path/Frameworks",
				);
				MARKETING_VERSION = 1.0;
				PRODUCT_BUNDLE_IDENTIFIER = com.vk.Compound;
				PRODUCT_NAME = "$(TARGET_NAME)";
				SWIFT_EMIT_LOC_STRINGS = YES;
				SWIFT_VERSION = 5.0;
				TARGETED_DEVICE_FAMILY = "1,2";
			};
			name = Debug;
		};
		FB76E73F2D6BFA0E00EF34A4 /* Release */ = {
			isa = XCBuildConfiguration;
			buildSettings = {
				ASSETCATALOG_COMPILER_APPICON_NAME = AppIcon;
				ASSETCATALOG_COMPILER_GLOBAL_ACCENT_COLOR_NAME = AccentColor;
				CODE_SIGN_STYLE = Automatic;
				CURRENT_PROJECT_VERSION = 1;
				DEVELOPMENT_ASSET_PATHS = "\"Compound/Preview Content\"";
				DEVELOPMENT_TEAM = J8DKJN96VF;
				ENABLE_PREVIEWS = YES;
				GENERATE_INFOPLIST_FILE = YES;
				INFOPLIST_KEY_UIApplicationSceneManifest_Generation = YES;
				INFOPLIST_KEY_UIApplicationSupportsIndirectInputEvents = YES;
				INFOPLIST_KEY_UILaunchScreen_Generation = YES;
				INFOPLIST_KEY_UISupportedInterfaceOrientations_iPad = "UIInterfaceOrientationPortrait UIInterfaceOrientationPortraitUpsideDown UIInterfaceOrientationLandscapeLeft UIInterfaceOrientationLandscapeRight";
				INFOPLIST_KEY_UISupportedInterfaceOrientations_iPhone = "UIInterfaceOrientationPortrait UIInterfaceOrientationLandscapeLeft UIInterfaceOrientationLandscapeRight";
				LD_RUNPATH_SEARCH_PATHS = (
					"$(inherited)",
					"@executable_path/Frameworks",
				);
				MARKETING_VERSION = 1.0;
				PRODUCT_BUNDLE_IDENTIFIER = com.vk.Compound;
				PRODUCT_NAME = "$(TARGET_NAME)";
				SWIFT_EMIT_LOC_STRINGS = YES;
				SWIFT_VERSION = 5.0;
				TARGETED_DEVICE_FAMILY = "1,2";
			};
			name = Release;
		};
		FB76E7412D6BFA0E00EF34A4 /* Debug */ = {
			isa = XCBuildConfiguration;
			buildSettings = {
				BUNDLE_LOADER = "$(TEST_HOST)";
				CODE_SIGN_STYLE = Automatic;
				CURRENT_PROJECT_VERSION = 1;
				GENERATE_INFOPLIST_FILE = YES;
				IPHONEOS_DEPLOYMENT_TARGET = 18.2;
				MARKETING_VERSION = 1.0;
				PRODUCT_BUNDLE_IDENTIFIER = com.vk.CompoundTests;
				PRODUCT_NAME = "$(TARGET_NAME)";
				SWIFT_EMIT_LOC_STRINGS = NO;
				SWIFT_VERSION = 5.0;
				TARGETED_DEVICE_FAMILY = "1,2";
				TEST_HOST = "$(BUILT_PRODUCTS_DIR)/Compound.app/$(BUNDLE_EXECUTABLE_FOLDER_PATH)/Compound";
			};
			name = Debug;
		};
		FB76E7422D6BFA0E00EF34A4 /* Release */ = {
			isa = XCBuildConfiguration;
			buildSettings = {
				BUNDLE_LOADER = "$(TEST_HOST)";
				CODE_SIGN_STYLE = Automatic;
				CURRENT_PROJECT_VERSION = 1;
				GENERATE_INFOPLIST_FILE = YES;
				IPHONEOS_DEPLOYMENT_TARGET = 18.2;
				MARKETING_VERSION = 1.0;
				PRODUCT_BUNDLE_IDENTIFIER = com.vk.CompoundTests;
				PRODUCT_NAME = "$(TARGET_NAME)";
				SWIFT_EMIT_LOC_STRINGS = NO;
				SWIFT_VERSION = 5.0;
				TARGETED_DEVICE_FAMILY = "1,2";
				TEST_HOST = "$(BUILT_PRODUCTS_DIR)/Compound.app/$(BUNDLE_EXECUTABLE_FOLDER_PATH)/Compound";
			};
			name = Release;
		};
		FB76E7442D6BFA0E00EF34A4 /* Debug */ = {
			isa = XCBuildConfiguration;
			buildSettings = {
				CODE_SIGN_STYLE = Automatic;
				CURRENT_PROJECT_VERSION = 1;
				GENERATE_INFOPLIST_FILE = YES;
				MARKETING_VERSION = 1.0;
				PRODUCT_BUNDLE_IDENTIFIER = com.vk.CompoundUITests;
				PRODUCT_NAME = "$(TARGET_NAME)";
				SWIFT_EMIT_LOC_STRINGS = NO;
				SWIFT_VERSION = 5.0;
				TARGETED_DEVICE_FAMILY = "1,2";
				TEST_TARGET_NAME = Compound;
			};
			name = Debug;
		};
		FB76E7452D6BFA0E00EF34A4 /* Release */ = {
			isa = XCBuildConfiguration;
			buildSettings = {
				CODE_SIGN_STYLE = Automatic;
				CURRENT_PROJECT_VERSION = 1;
				GENERATE_INFOPLIST_FILE = YES;
				MARKETING_VERSION = 1.0;
				PRODUCT_BUNDLE_IDENTIFIER = com.vk.CompoundUITests;
				PRODUCT_NAME = "$(TARGET_NAME)";
				SWIFT_EMIT_LOC_STRINGS = NO;
				SWIFT_VERSION = 5.0;
				TARGETED_DEVICE_FAMILY = "1,2";
				TEST_TARGET_NAME = Compound;
			};
			name = Release;
		};
/* End XCBuildConfiguration section */

/* Begin XCConfigurationList section */
		FB76E7142D6BFA0B00EF34A4 /* Build configuration list for PBXProject "Compound" */ = {
			isa = XCConfigurationList;
			buildConfigurations = (
				FB76E73B2D6BFA0E00EF34A4 /* Debug */,
				FB76E73C2D6BFA0E00EF34A4 /* Release */,
			);
			defaultConfigurationIsVisible = 0;
			defaultConfigurationName = Release;
		};
		FB76E73D2D6BFA0E00EF34A4 /* Build configuration list for PBXNativeTarget "Compound" */ = {
			isa = XCConfigurationList;
			buildConfigurations = (
				FB76E73E2D6BFA0E00EF34A4 /* Debug */,
				FB76E73F2D6BFA0E00EF34A4 /* Release */,
			);
			defaultConfigurationIsVisible = 0;
			defaultConfigurationName = Release;
		};
		FB76E7402D6BFA0E00EF34A4 /* Build configuration list for PBXNativeTarget "CompoundTests" */ = {
			isa = XCConfigurationList;
			buildConfigurations = (
				FB76E7412D6BFA0E00EF34A4 /* Debug */,
				FB76E7422D6BFA0E00EF34A4 /* Release */,
			);
			defaultConfigurationIsVisible = 0;
			defaultConfigurationName = Release;
		};
		FB76E7432D6BFA0E00EF34A4 /* Build configuration list for PBXNativeTarget "CompoundUITests" */ = {
			isa = XCConfigurationList;
			buildConfigurations = (
				FB76E7442D6BFA0E00EF34A4 /* Debug */,
				FB76E7452D6BFA0E00EF34A4 /* Release */,
			);
			defaultConfigurationIsVisible = 0;
			defaultConfigurationName = Release;
		};
/* End XCConfigurationList section */
	};
	rootObject = FB76E7112D6BFA0B00EF34A4 /* Project object */;
}
